
Microsoft Visual Studio Solution File, Format Version 12.00
Project("{FAE04EC0-301F-11D3-BF4B-00C04F79EFBC}") = "GalleryVelvet.Domain", "GalleryVelvet.Domain\GalleryVelvet.Domain.csproj", "{69041B6E-D988-4209-907A-3D73D793EA30}"
EndProject
Global
	GlobalSection(SolutionConfigurationPlatforms) = preSolution
		Debug|Any CPU = Debug|Any CPU
		Release|Any CPU = Release|Any CPU
	EndGlobalSection
	GlobalSection(ProjectConfigurationPlatforms) = postSolution
		{69041B6E-D988-4209-907A-3D73D793EA30}.Debug|Any CPU.ActiveCfg = Debug|Any CPU
		{69041B6E-D988-4209-907A-3D73D793EA30}.Debug|Any CPU.Build.0 = Debug|Any CPU
		{69041B6E-D988-4209-907A-3D73D793EA30}.Release|Any CPU.ActiveCfg = Release|Any CPU
		{69041B6E-D988-4209-907A-3D73D793EA30}.Release|Any CPU.Build.0 = Release|Any CPU
	EndGlobalSection
EndGlobal
